
Microsoft Visual Studio Solution File, Format Version 12.00
# Visual Studio 15
VisualStudioVersion = 15.0.27428.2005
MinimumVisualStudioVersion = 10.0.40219.1
Project("{8BC9CEB8-8B4A-11D0-8D11-00A0C91BC942}") = "NotePad05", "NotePad05.vcxproj", "{CF00C51E-66B5-45C7-9994-D55AE19711A1}"
EndProject
Global
	GlobalSection(SolutionConfigurationPlatforms) = preSolution
		Debug|x64 = Debug|x64
		Debug|x86 = Debug|x86
		Release|x64 = Release|x64
		Release|x86 = Release|x86
	EndGlobalSection
	GlobalSection(ProjectConfigurationPlatforms) = postSolution
		{CF00C51E-66B5-45C7-9994-D55AE19711A1}.Debug|x64.ActiveCfg = Debug|x64
		{CF00C51E-66B5-45C7-9994-D55AE19711A1}.Debug|x64.Build.0 = Debug|x64
		{CF00C51E-66B5-45C7-9994-D55AE19711A1}.Debug|x86.ActiveCfg = Debug|Win32
		{CF00C51E-66B5-45C7-9994-D55AE19711A1}.Debug|x86.Build.0 = Debug|Win32
		{CF00C51E-66B5-45C7-9994-D55AE19711A1}.Release|x64.ActiveCfg = Release|x64
		{CF00C51E-66B5-45C7-9994-D55AE19711A1}.Release|x64.Build.0 = Release|x64
		{CF00C51E-66B5-45C7-9994-D55AE19711A1}.Release|x86.ActiveCfg = Release|Win32
		{CF00C51E-66B5-45C7-9994-D55AE19711A1}.Release|x86.Build.0 = Release|Win32
	EndGlobalSection
	GlobalSection(SolutionProperties) = preSolution
		HideSolutionNode = FALSE
	EndGlobalSection
	GlobalSection(ExtensibilityGlobals) = postSolution
		SolutionGuid = {AA0E15BD-7D06-4EFD-849D-C68EF9698345}
	EndGlobalSection
EndGlobal
